
Microsoft Visual Studio Solution File, Format Version 12.00
# Visual Studio Version 17
VisualStudioVersion = 17.6.33829.357
MinimumVisualStudioVersion = 10.0.40219.1
Project("{FAE04EC0-301F-11D3-BF4B-00C04F79EFBC}") = "ECommereceMVC", "ECommereceMVC\ECommereceMVC.csproj", "{D89894A0-D05D-4EDB-9CC3-70D8452DCED3}"
EndProject
Global
	GlobalSection(SolutionConfigurationPlatforms) = preSolution
		Debug|Any CPU = Debug|Any CPU
		Release|Any CPU = Release|Any CPU
	EndGlobalSection
	GlobalSection(ProjectConfigurationPlatforms) = postSolution
		{D89894A0-D05D-4EDB-9CC3-70D8452DCED3}.Debug|Any CPU.ActiveCfg = Debug|Any CPU
		{D89894A0-D05D-4EDB-9CC3-70D8452DCED3}.Debug|Any CPU.Build.0 = Debug|Any CPU
		{D89894A0-D05D-4EDB-9CC3-70D8452DCED3}.Release|Any CPU.ActiveCfg = Release|Any CPU
		{D89894A0-D05D-4EDB-9CC3-70D8452DCED3}.Release|Any CPU.Build.0 = Release|Any CPU
	EndGlobalSection
	GlobalSection(SolutionProperties) = preSolution
		HideSolutionNode = FALSE
	EndGlobalSection
	GlobalSection(ExtensibilityGlobals) = postSolution
		SolutionGuid = {D2AE6BBF-2091-4594-A468-322ACD1FE097}
	EndGlobalSection
EndGlobal
